// !$*UTF8*$!
{
	archiveVersion = 1;
	classes = {
	};
	objectVersion = 50;
	objects = {

/* Begin PBXBuildFile section */
		A3DF0B5A2371EBCC0019B62D /* AppDelegate.swift in Sources */ = {isa = PBXBuildFile; fileRef = A3DF0B592371EBCC0019B62D /* AppDelegate.swift */; };
		A3DF0B5C2371EBCC0019B62D /* SceneDelegate.swift in Sources */ = {isa = PBXBuildFile; fileRef = A3DF0B5B2371EBCC0019B62D /* SceneDelegate.swift */; };
		A3DF0B5E2371EBCC0019B62D /* ViewController.swift in Sources */ = {isa = PBXBuildFile; fileRef = A3DF0B5D2371EBCC0019B62D /* ViewController.swift */; };
		A3DF0B612371EBCC0019B62D /* Main.storyboard in Resources */ = {isa = PBXBuildFile; fileRef = A3DF0B5F2371EBCC0019B62D /* Main.storyboard */; };
		A3DF0B632371EBCE0019B62D /* Assets.xcassets in Resources */ = {isa = PBXBuildFile; fileRef = A3DF0B622371EBCE0019B62D /* Assets.xcassets */; };
		A3DF0B662371EBCE0019B62D /* LaunchScreen.storyboard in Resources */ = {isa = PBXBuildFile; fileRef = A3DF0B642371EBCE0019B62D /* LaunchScreen.storyboard */; };
/* End PBXBuildFile section */

/* Begin PBXFileReference section */
		A3DF0B562371EBCC0019B62D /* IntergalacticTraveler.app */ = {isa = PBXFileReference; explicitFileType = wrapper.application; includeInIndex = 0; path = IntergalacticTraveler.app; sourceTree = BUILT_PRODUCTS_DIR; };
		A3DF0B592371EBCC0019B62D /* AppDelegate.swift */ = {isa = PBXFileReference; lastKnownFileType = sourcecode.swift; path = AppDelegate.swift; sourceTree = "<group>"; };
		A3DF0B5B2371EBCC0019B62D /* SceneDelegate.swift */ = {isa = PBXFileReference; lastKnownFileType = sourcecode.swift; path = SceneDelegate.swift; sourceTree = "<group>"; };
		A3DF0B5D2371EBCC0019B62D /* ViewController.swift */ = {isa = PBXFileReference; lastKnownFileType = sourcecode.swift; path = ViewController.swift; sourceTree = "<group>"; };
		A3DF0B602371EBCC0019B62D /* Base */ = {isa = PBXFileReference; lastKnownFileType = file.storyboard; name = Base; path = Base.lproj/Main.storyboard; sourceTree = "<group>"; };
		A3DF0B622371EBCE0019B62D /* Assets.xcassets */ = {isa = PBXFileReference; lastKnownFileType = folder.assetcatalog; path = Assets.xcassets; sourceTree = "<group>"; };
		A3DF0B652371EBCE0019B62D /* Base */ = {isa = PBXFileReference; lastKnownFileType = file.storyboard; name = Base; path = Base.lproj/LaunchScreen.storyboard; sourceTree = "<group>"; };
		A3DF0B672371EBCE0019B62D /* Info.plist */ = {isa = PBXFileReference; lastKnownFileType = text.plist.xml; path = Info.plist; sourceTree = "<group>"; };
/* End PBXFileReference section */

/* Begin PBXFrameworksBuildPhase section */
		A3DF0B532371EBCC0019B62D /* Frameworks */ = {
			isa = PBXFrameworksBuildPhase;
			buildActionMask = 2147483647;
			files = (
			);
			runOnlyForDeploymentPostprocessing = 0;
		};
/* End PBXFrameworksBuildPhase section */

/* Begin PBXGroup section */
		A3DF0B4D2371EBCC0019B62D = {
			isa = PBXGroup;
			children = (
				A3DF0B582371EBCC0019B62D /* IntergalacticTraveler */,
				A3DF0B572371EBCC0019B62D /* Products */,
			);
			sourceTree = "<group>";
		};
		A3DF0B572371EBCC0019B62D /* Products */ = {
			isa = PBXGroup;
			children = (
				A3DF0B562371EBCC0019B62D /* IntergalacticTraveler.app */,
			);
			name = Products;
			sourceTree = "<group>";
		};
		A3DF0B582371EBCC0019B62D /* IntergalacticTraveler */ = {
			isa = PBXGroup;
			children = (
				A3DF0B592371EBCC0019B62D /* AppDelegate.swift */,
				A3DF0B5B2371EBCC0019B62D /* SceneDelegate.swift */,
				A3DF0B5D2371EBCC0019B62D /* ViewController.swift */,
				A3DF0B5F2371EBCC0019B62D /* Main.storyboard */,
				A3DF0B622371EBCE0019B62D /* Assets.xcassets */,
				A3DF0B642371EBCE0019B62D /* LaunchScreen.storyboard */,
				A3DF0B672371EBCE0019B62D /* Info.plist */,
			);
			path = IntergalacticTraveler;
			sourceTree = "<group>";
		};
/* End PBXGroup section */

/* Begin PBXNativeTarget section */
		A3DF0B552371EBCC0019B62D /* IntergalacticTraveler */ = {
			isa = PBXNativeTarget;
			buildConfigurationList = A3DF0B6A2371EBCE0019B62D /* Build configuration list for PBXNativeTarget "IntergalacticTraveler" */;
			buildPhases = (
				A3DF0B522371EBCC0019B62D /* Sources */,
				A3DF0B532371EBCC0019B62D /* Frameworks */,
				A3DF0B542371EBCC0019B62D /* Resources */,
			);
			buildRules = (
			);
			dependencies = (
			);
			name = IntergalacticTraveler;
			productName = IntergalacticTraveler;
			productReference = A3DF0B562371EBCC0019B62D /* IntergalacticTraveler.app */;
			productType = "com.apple.product-type.application";
		};
/* End PBXNativeTarget section */

/* Begin PBXProject section */
		A3DF0B4E2371EBCC0019B62D /* Project object */ = {
			isa = PBXProject;
			attributes = {
				LastSwiftUpdateCheck = 1110;
				LastUpgradeCheck = 1110;
				ORGANIZATIONNAME = "John Hersey High School";
				TargetAttributes = {
					A3DF0B552371EBCC0019B62D = {
						CreatedOnToolsVersion = 11.1;
					};
				};
			};
			buildConfigurationList = A3DF0B512371EBCC0019B62D /* Build configuration list for PBXProject "IntergalacticTraveler" */;
			compatibilityVersion = "Xcode 9.3";
			developmentRegion = en;
			hasScannedForEncodings = 0;
			knownRegions = (
				en,
				Base,
			);
			mainGroup = A3DF0B4D2371EBCC0019B62D;
			productRefGroup = A3DF0B572371EBCC0019B62D /* Products */;
			projectDirPath = "";
			projectRoot = "";
			targets = (
				A3DF0B552371EBCC0019B62D /* IntergalacticTraveler */,
			);
		};
/* End PBXProject section */

/* Begin PBXResourcesBuildPhase section */
		A3DF0B542371EBCC0019B62D /* Resources */ = {
			isa = PBXResourcesBuildPhase;
			buildActionMask = 2147483647;
			files = (
				A3DF0B662371EBCE0019B62D /* LaunchScreen.storyboard in Resources */,
				A3DF0B632371EBCE0019B62D /* Assets.xcassets in Resources */,
				A3DF0B612371EBCC0019B62D /* Main.storyboard in Resources */,
			);
			runOnlyForDeploymentPostprocessing = 0;
		};
/* End PBXResourcesBuildPhase section */

/* Begin PBXSourcesBuildPhase section */
		A3DF0B522371EBCC0019B62D /* Sources */ = {
			isa = PBXSourcesBuildPhase;
			buildActionMask = 2147483647;
			files = (
				A3DF0B5E2371EBCC0019B62D /* ViewController.swift in Sources */,
				A3DF0B5A2371EBCC0019B62D /* AppDelegate.swift in Sources */,
				A3DF0B5C2371EBCC0019B62D /* SceneDelegate.swift in Sources */,
			);
			runOnlyForDeploymentPostprocessing = 0;
		};
/* End PBXSourcesBuildPhase section */

/* Begin PBXVariantGroup section */
		A3DF0B5F2371EBCC0019B62D /* Main.storyboard */ = {
			isa = PBXVariantGroup;
			children = (
				A3DF0B602371EBCC0019B62D /* Base */,
			);
			name = Main.storyboard;
			sourceTree = "<group>";
		};
		A3DF0B642371EBCE0019B62D /* LaunchScreen.storyboard */ = {
			isa = PBXVariantGroup;
			children = (
				A3DF0B652371EBCE0019B62D /* Base */,
			);
			name = LaunchScreen.storyboard;
			sourceTree = "<group>";
		};
/* End PBXVariantGroup section */

/* Begin XCBuildConfiguration section */
		A3DF0B682371EBCE0019B62D /* Debug */ = {
			isa = XCBuildConfiguration;
			buildSettings = {
				ALWAYS_SEARCH_USER_PATHS = NO;
				CLANG_ANALYZER_NONNULL = YES;
				CLANG_ANALYZER_NUMBER_OBJECT_CONVERSION = YES_AGGRESSIVE;
				CLANG_CXX_LANGUAGE_STANDARD = "gnu++14";
				CLANG_CXX_LIBRARY = "libc++";
				CLANG_ENABLE_MODULES = YES;
				CLANG_ENABLE_OBJC_ARC = YES;
				CLANG_ENABLE_OBJC_WEAK = YES;
				CLANG_WARN_BLOCK_CAPTURE_AUTORELEASING = YES;
				CLANG_WARN_BOOL_CONVERSION = YES;
				CLANG_WARN_COMMA = YES;
				CLANG_WARN_CONSTANT_CONVERSION = YES;
				CLANG_WARN_DEPRECATED_OBJC_IMPLEMENTATIONS = YES;
				CLANG_WARN_DIRECT_OBJC_ISA_USAGE = YES_ERROR;
				CLANG_WARN_DOCUMENTATION_COMMENTS = YES;
				CLANG_WARN_EMPTY_BODY = YES;
				CLANG_WARN_ENUM_CONVERSION = YES;
				CLANG_WARN_INFINITE_RECURSION = YES;
				CLANG_WARN_INT_CONVERSION = YES;
				CLANG_WARN_NON_LITERAL_NULL_CONVERSION = YES;
				CLANG_WARN_OBJC_IMPLICIT_RETAIN_SELF = YES;
				CLANG_WARN_OBJC_LITERAL_CONVERSION = YES;
				CLANG_WARN_OBJC_ROOT_CLASS = YES_ERROR;
				CLANG_WARN_RANGE_LOOP_ANALYSIS = YES;
				CLANG_WARN_STRICT_PROTOTYPES = YES;
				CLANG_WARN_SUSPICIOUS_MOVE = YES;
				CLANG_WARN_UNGUARDED_AVAILABILITY = YES_AGGRESSIVE;
				CLANG_WARN_UNREACHABLE_CODE = YES;
				CLANG_WARN__DUPLICATE_METHOD_MATCH = YES;
				COPY_PHASE_STRIP = NO;
				DEBUG_INFORMATION_FORMAT = dwarf;
				ENABLE_STRICT_OBJC_MSGSEND = YES;
				ENABLE_TESTABILITY = YES;
				GCC_C_LANGUAGE_STANDARD = gnu11;
				GCC_DYNAMIC_NO_PIC = NO;
				GCC_NO_COMMON_BLOCKS = YES;
				GCC_OPTIMIZATION_LEVEL = 0;
				GCC_PREPROCESSOR_DEFINITIONS = (
					"DEBUG=1",
					"$(inherited)",
				);
				GCC_WARN_64_TO_32_BIT_CONVERSION = YES;
				GCC_WARN_ABOUT_RETURN_TYPE = YES_ERROR;
				GCC_WARN_UNDECLARED_SELECTOR = YES;
				GCC_WARN_UNINITIALIZED_AUTOS = YES_AGGRESSIVE;
				GCC_WARN_UNUSED_FUNCTION = YES;
				GCC_WARN_UNUSED_VARIABLE = YES;
				IPHONEOS_DEPLOYMENT_TARGET = 13.1;
				MTL_ENABLE_DEBUG_INFO = INCLUDE_SOURCE;
				MTL_FAST_MATH = YES;
				ONLY_ACTIVE_ARCH = YES;
				SDKROOT = iphoneos;
				SWIFT_ACTIVE_COMPILATION_CONDITIONS = DEBUG;
				SWIFT_OPTIMIZATION_LEVEL = "-Onone";
			};
			name = Debug;
		};
		A3DF0B692371EBCE0019B62D /* Release */ = {
			isa = XCBuildConfiguration;
			buildSettings = {
				ALWAYS_SEARCH_USER_PATHS = NO;
				CLANG_ANALYZER_NONNULL = YES;
				CLANG_ANALYZER_NUMBER_OBJECT_CONVERSION = YES_AGGRESSIVE;
				CLANG_CXX_LANGUAGE_STANDARD = "gnu++14";
				CLANG_CXX_LIBRARY = "libc++";
				CLANG_ENABLE_MODULES = YES;
				CLANG_ENABLE_OBJC_ARC = YES;
				CLANG_ENABLE_OBJC_WEAK = YES;
				CLANG_WARN_BLOCK_CAPTURE_AUTORELEASING = YES;
				CLANG_WARN_BOOL_CONVERSION = YES;
				CLANG_WARN_COMMA = YES;
				CLANG_WARN_CONSTANT_CONVERSION = YES;
				CLANG_WARN_DEPRECATED_OBJC_IMPLEMENTATIONS = YES;
				CLANG_WARN_DIRECT_OBJC_ISA_USAGE = YES_ERROR;
				CLANG_WARN_DOCUMENTATION_COMMENTS = YES;
				CLANG_WARN_EMPTY_BODY = YES;
				CLANG_WARN_ENUM_CONVERSION = YES;
				CLANG_WARN_INFINITE_RECURSION = YES;
				CLANG_WARN_INT_CONVERSION = YES;
				CLANG_WARN_NON_LITERAL_NULL_CONVERSION = YES;
				CLANG_WARN_OBJC_IMPLICIT_RETAIN_SELF = YES;
				CLANG_WARN_OBJC_LITERAL_CONVERSION = YES;
				CLANG_WARN_OBJC_ROOT_CLASS = YES_ERROR;
				CLANG_WARN_RANGE_LOOP_ANALYSIS = YES;
				CLANG_WARN_STRICT_PROTOTYPES = YES;
				CLANG_WARN_SUSPICIOUS_MOVE = YES;
				CLANG_WARN_UNGUARDED_AVAILABILITY = YES_AGGRESSIVE;
				CLANG_WARN_UNREACHABLE_CODE = YES;
				CLANG_WARN__DUPLICATE_METHOD_MATCH = YES;
				COPY_PHASE_STRIP = NO;
				DEBUG_INFORMATION_FORMAT = "dwarf-with-dsym";
				ENABLE_NS_ASSERTIONS = NO;
				ENABLE_STRICT_OBJC_MSGSEND = YES;
				GCC_C_LANGUAGE_STANDARD = gnu11;
				GCC_NO_COMMON_BLOCKS = YES;
				GCC_WARN_64_TO_32_BIT_CONVERSION = YES;
				GCC_WARN_ABOUT_RETURN_TYPE = YES_ERROR;
				GCC_WARN_UNDECLARED_SELECTOR = YES;
				GCC_WARN_UNINITIALIZED_AUTOS = YES_AGGRESSIVE;
				GCC_WARN_UNUSED_FUNCTION = YES;
				GCC_WARN_UNUSED_VARIABLE = YES;
				IPHONEOS_DEPLOYMENT_TARGET = 13.1;
				MTL_ENABLE_DEBUG_INFO = NO;
				MTL_FAST_MATH = YES;
				SDKROOT = iphoneos;
				SWIFT_COMPILATION_MODE = wholemodule;
				SWIFT_OPTIMIZATION_LEVEL = "-O";
				VALIDATE_PRODUCT = YES;
			};
			name = Release;
		};
		A3DF0B6B2371EBCE0019B62D /* Debug */ = {
			isa = XCBuildConfiguration;
			buildSettings = {
				ASSETCATALOG_COMPILER_APPICON_NAME = AppIcon;
				CODE_SIGN_STYLE = Automatic;
				DEVELOPMENT_TEAM = X84JVRBUSD;
				INFOPLIST_FILE = IntergalacticTraveler/Info.plist;
				LD_RUNPATH_SEARCH_PATHS = (
					"$(inherited)",
					"@executable_path/Frameworks",
				);
				PRODUCT_BUNDLE_IDENTIFIER = org.d214.jhhs.621108.IntergalacticTraveler;
				PRODUCT_NAME = "$(TARGET_NAME)";
				SWIFT_VERSION = 5.0;
				TARGETED_DEVICE_FAMILY = "1,2";
			};
			name = Debug;
		};
		A3DF0B6C2371EBCE0019B62D /* Release */ = {
			isa = XCBuildConfiguration;
			buildSettings = {
				ASSETCATALOG_COMPILER_APPICON_NAME = AppIcon;
				CODE_SIGN_STYLE = Automatic;
				DEVELOPMENT_TEAM = X84JVRBUSD;
				INFOPLIST_FILE = IntergalacticTraveler/Info.plist;
				LD_RUNPATH_SEARCH_PATHS = (
					"$(inherited)",
					"@executable_path/Frameworks",
				);
				PRODUCT_BUNDLE_IDENTIFIER = org.d214.jhhs.621108.IntergalacticTraveler;
				PRODUCT_NAME = "$(TARGET_NAME)";
				SWIFT_VERSION = 5.0;
				TARGETED_DEVICE_FAMILY = "1,2";
			};
			name = Release;
		};
/* End XCBuildConfiguration section */

/* Begin XCConfigurationList section */
		A3DF0B512371EBCC0019B62D /* Build configuration list for PBXProject "IntergalacticTraveler" */ = {
			isa = XCConfigurationList;
			buildConfigurations = (
				A3DF0B682371EBCE0019B62D /* Debug */,
				A3DF0B692371EBCE0019B62D /* Release */,
			);
			defaultConfigurationIsVisible = 0;
			defaultConfigurationName = Release;
		};
		A3DF0B6A2371EBCE0019B62D /* Build configuration list for PBXNativeTarget "IntergalacticTraveler" */ = {
			isa = XCConfigurationList;
			buildConfigurations = (
				A3DF0B6B2371EBCE0019B62D /* Debug */,
				A3DF0B6C2371EBCE0019B62D /* Release */,
			);
			defaultConfigurationIsVisible = 0;
			defaultConfigurationName = Release;
		};
/* End XCConfigurationList section */
	};
	rootObject = A3DF0B4E2371EBCC0019B62D /* Project object */;
}
